
Microsoft Visual Studio Solution File, Format Version 12.00
# Visual Studio Version 17
VisualStudioVersion = 17.12.35527.113 d17.12
MinimumVisualStudioVersion = 10.0.40219.1
Project("{FAE04EC0-301F-11D3-BF4B-00C04F79EFBC}") = "ECommerceApp", "ECommerceApp\ECommerceApp.csproj", "{6A77BDCB-2D90-40C9-A8E1-A35AD40E07B8}"
EndProject
Project("{FAE04EC0-301F-11D3-BF4B-00C04F79EFBC}") = "ECommerceApp.Tests", "ECommerceApp.Tests\ECommerceApp.Tests.csproj", "{AD9C54EF-4E00-4666-9B59-6D05113D2F7F}"
EndProject
Global
	GlobalSection(SolutionConfigurationPlatforms) = preSolution
		Debug|Any CPU = Debug|Any CPU
		Release|Any CPU = Release|Any CPU
	EndGlobalSection
	GlobalSection(ProjectConfigurationPlatforms) = postSolution
		{6A77BDCB-2D90-40C9-A8E1-A35AD40E07B8}.Debug|Any CPU.ActiveCfg = Debug|Any CPU
		{6A77BDCB-2D90-40C9-A8E1-A35AD40E07B8}.Debug|Any CPU.Build.0 = Debug|Any CPU
		{6A77BDCB-2D90-40C9-A8E1-A35AD40E07B8}.Release|Any CPU.ActiveCfg = Release|Any CPU
		{6A77BDCB-2D90-40C9-A8E1-A35AD40E07B8}.Release|Any CPU.Build.0 = Release|Any CPU
		{AD9C54EF-4E00-4666-9B59-6D05113D2F7F}.Debug|Any CPU.ActiveCfg = Debug|Any CPU
		{AD9C54EF-4E00-4666-9B59-6D05113D2F7F}.Debug|Any CPU.Build.0 = Debug|Any CPU
		{AD9C54EF-4E00-4666-9B59-6D05113D2F7F}.Release|Any CPU.ActiveCfg = Release|Any CPU
		{AD9C54EF-4E00-4666-9B59-6D05113D2F7F}.Release|Any CPU.Build.0 = Release|Any CPU
	EndGlobalSection
	GlobalSection(SolutionProperties) = preSolution
		HideSolutionNode = FALSE
	EndGlobalSection
EndGlobal
